
Microsoft Visual Studio Solution File, Format Version 12.00
Project("{FAE04EC0-301F-11D3-BF4B-00C04F79EFBC}") = "D12", "D12.csproj", "{4077A46A-4DE6-46B4-9D77-257CE0387224}"
EndProject
Global
	GlobalSection(SolutionConfigurationPlatforms) = preSolution
		Debug|Any CPU = Debug|Any CPU
		Release|Any CPU = Release|Any CPU
	EndGlobalSection
	GlobalSection(ProjectConfigurationPlatforms) = postSolution
		{4077A46A-4DE6-46B4-9D77-257CE0387224}.Debug|Any CPU.ActiveCfg = Debug|Any CPU
		{4077A46A-4DE6-46B4-9D77-257CE0387224}.Debug|Any CPU.Build.0 = Debug|Any CPU
		{4077A46A-4DE6-46B4-9D77-257CE0387224}.Release|Any CPU.ActiveCfg = Release|Any CPU
		{4077A46A-4DE6-46B4-9D77-257CE0387224}.Release|Any CPU.Build.0 = Release|Any CPU
	EndGlobalSection
EndGlobal
